// !$*UTF8*$!
{
	archiveVersion = 1;
	classes = {
	};
	objectVersion = 46;
	objects = {

/* Begin PBXBuildFile section */
		53AADFA71A1C110900DEF3CA /* AppDelegate.swift in Sources */ = {isa = PBXBuildFile; fileRef = 53AADFA61A1C110900DEF3CA /* AppDelegate.swift */; };
		53AADFA91A1C110900DEF3CA /* ViewController.swift in Sources */ = {isa = PBXBuildFile; fileRef = 53AADFA81A1C110900DEF3CA /* ViewController.swift */; };
		53AADFAC1A1C110900DEF3CA /* Main.storyboard in Resources */ = {isa = PBXBuildFile; fileRef = 53AADFAA1A1C110900DEF3CA /* Main.storyboard */; };
		53AADFAE1A1C110900DEF3CA /* Images.xcassets in Resources */ = {isa = PBXBuildFile; fileRef = 53AADFAD1A1C110900DEF3CA /* Images.xcassets */; };
		53AADFB11A1C110900DEF3CA /* LaunchScreen.xib in Resources */ = {isa = PBXBuildFile; fileRef = 53AADFAF1A1C110900DEF3CA /* LaunchScreen.xib */; };
		53AADFBD1A1C110900DEF3CA /* PostcardTests.swift in Sources */ = {isa = PBXBuildFile; fileRef = 53AADFBC1A1C110900DEF3CA /* PostcardTests.swift */; };
/* End PBXBuildFile section */

/* Begin PBXContainerItemProxy section */
		53AADFB71A1C110900DEF3CA /* PBXContainerItemProxy */ = {
			isa = PBXContainerItemProxy;
			containerPortal = 53AADF991A1C110900DEF3CA /* Project object */;
			proxyType = 1;
			remoteGlobalIDString = 53AADFA01A1C110900DEF3CA;
			remoteInfo = Postcard;
		};
/* End PBXContainerItemProxy section */

/* Begin PBXFileReference section */
		53AADFA11A1C110900DEF3CA /* Postcard.app */ = {isa = PBXFileReference; explicitFileType = wrapper.application; includeInIndex = 0; path = Postcard.app; sourceTree = BUILT_PRODUCTS_DIR; };
		53AADFA51A1C110900DEF3CA /* Info.plist */ = {isa = PBXFileReference; lastKnownFileType = text.plist.xml; path = Info.plist; sourceTree = "<group>"; };
		53AADFA61A1C110900DEF3CA /* AppDelegate.swift */ = {isa = PBXFileReference; lastKnownFileType = sourcecode.swift; path = AppDelegate.swift; sourceTree = "<group>"; };
		53AADFA81A1C110900DEF3CA /* ViewController.swift */ = {isa = PBXFileReference; lastKnownFileType = sourcecode.swift; path = ViewController.swift; sourceTree = "<group>"; };
		53AADFAB1A1C110900DEF3CA /* Base */ = {isa = PBXFileReference; lastKnownFileType = file.storyboard; name = Base; path = Base.lproj/Main.storyboard; sourceTree = "<group>"; };
		53AADFAD1A1C110900DEF3CA /* Images.xcassets */ = {isa = PBXFileReference; lastKnownFileType = folder.assetcatalog; path = Images.xcassets; sourceTree = "<group>"; };
		53AADFB01A1C110900DEF3CA /* Base */ = {isa = PBXFileReference; lastKnownFileType = file.xib; name = Base; path = Base.lproj/LaunchScreen.xib; sourceTree = "<group>"; };
		53AADFB61A1C110900DEF3CA /* PostcardTests.xctest */ = {isa = PBXFileReference; explicitFileType = wrapper.cfbundle; includeInIndex = 0; path = PostcardTests.xctest; sourceTree = BUILT_PRODUCTS_DIR; };
		53AADFBB1A1C110900DEF3CA /* Info.plist */ = {isa = PBXFileReference; lastKnownFileType = text.plist.xml; path = Info.plist; sourceTree = "<group>"; };
		53AADFBC1A1C110900DEF3CA /* PostcardTests.swift */ = {isa = PBXFileReference; lastKnownFileType = sourcecode.swift; path = PostcardTests.swift; sourceTree = "<group>"; };
/* End PBXFileReference section */

/* Begin PBXFrameworksBuildPhase section */
		53AADF9E1A1C110900DEF3CA /* Frameworks */ = {
			isa = PBXFrameworksBuildPhase;
			buildActionMask = 2147483647;
			files = (
			);
			runOnlyForDeploymentPostprocessing = 0;
		};
		53AADFB31A1C110900DEF3CA /* Frameworks */ = {
			isa = PBXFrameworksBuildPhase;
			buildActionMask = 2147483647;
			files = (
			);
			runOnlyForDeploymentPostprocessing = 0;
		};
/* End PBXFrameworksBuildPhase section */

/* Begin PBXGroup section */
		53AADF981A1C110900DEF3CA = {
			isa = PBXGroup;
			children = (
				53AADFA31A1C110900DEF3CA /* Postcard */,
				53AADFB91A1C110900DEF3CA /* PostcardTests */,
				53AADFA21A1C110900DEF3CA /* Products */,
			);
			sourceTree = "<group>";
		};
		53AADFA21A1C110900DEF3CA /* Products */ = {
			isa = PBXGroup;
			children = (
				53AADFA11A1C110900DEF3CA /* Postcard.app */,
				53AADFB61A1C110900DEF3CA /* PostcardTests.xctest */,
			);
			name = Products;
			sourceTree = "<group>";
		};
		53AADFA31A1C110900DEF3CA /* Postcard */ = {
			isa = PBXGroup;
			children = (
				53AADFA61A1C110900DEF3CA /* AppDelegate.swift */,
				53AADFA81A1C110900DEF3CA /* ViewController.swift */,
				53AADFAA1A1C110900DEF3CA /* Main.storyboard */,
				53AADFAD1A1C110900DEF3CA /* Images.xcassets */,
				53AADFAF1A1C110900DEF3CA /* LaunchScreen.xib */,
				53AADFA41A1C110900DEF3CA /* Supporting Files */,
			);
			path = Postcard;
			sourceTree = "<group>";
		};
		53AADFA41A1C110900DEF3CA /* Supporting Files */ = {
			isa = PBXGroup;
			children = (
				53AADFA51A1C110900DEF3CA /* Info.plist */,
			);
			name = "Supporting Files";
			sourceTree = "<group>";
		};
		53AADFB91A1C110900DEF3CA /* PostcardTests */ = {
			isa = PBXGroup;
			children = (
				53AADFBC1A1C110900DEF3CA /* PostcardTests.swift */,
				53AADFBA1A1C110900DEF3CA /* Supporting Files */,
			);
			path = PostcardTests;
			sourceTree = "<group>";
		};
		53AADFBA1A1C110900DEF3CA /* Supporting Files */ = {
			isa = PBXGroup;
			children = (
				53AADFBB1A1C110900DEF3CA /* Info.plist */,
			);
			name = "Supporting Files";
			sourceTree = "<group>";
		};
/* End PBXGroup section */

/* Begin PBXNativeTarget section */
		53AADFA01A1C110900DEF3CA /* Postcard */ = {
			isa = PBXNativeTarget;
			buildConfigurationList = 53AADFC01A1C110900DEF3CA /* Build configuration list for PBXNativeTarget "Postcard" */;
			buildPhases = (
				53AADF9D1A1C110900DEF3CA /* Sources */,
				53AADF9E1A1C110900DEF3CA /* Frameworks */,
				53AADF9F1A1C110900DEF3CA /* Resources */,
			);
			buildRules = (
			);
			dependencies = (
			);
			name = Postcard;
			productName = Postcard;
			productReference = 53AADFA11A1C110900DEF3CA /* Postcard.app */;
			productType = "com.apple.product-type.application";
		};
		53AADFB51A1C110900DEF3CA /* PostcardTests */ = {
			isa = PBXNativeTarget;
			buildConfigurationList = 53AADFC31A1C110900DEF3CA /* Build configuration list for PBXNativeTarget "PostcardTests" */;
			buildPhases = (
				53AADFB21A1C110900DEF3CA /* Sources */,
				53AADFB31A1C110900DEF3CA /* Frameworks */,
				53AADFB41A1C110900DEF3CA /* Resources */,
			);
			buildRules = (
			);
			dependencies = (
				53AADFB81A1C110900DEF3CA /* PBXTargetDependency */,
			);
			name = PostcardTests;
			productName = PostcardTests;
			productReference = 53AADFB61A1C110900DEF3CA /* PostcardTests.xctest */;
			productType = "com.apple.product-type.bundle.unit-test";
		};
/* End PBXNativeTarget section */

/* Begin PBXProject section */
		53AADF991A1C110900DEF3CA /* Project object */ = {
			isa = PBXProject;
			attributes = {
				LastUpgradeCheck = 0610;
				ORGANIZATIONNAME = "Shalbha Garg";
				TargetAttributes = {
					53AADFA01A1C110900DEF3CA = {
						CreatedOnToolsVersion = 6.1;
					};
					53AADFB51A1C110900DEF3CA = {
						CreatedOnToolsVersion = 6.1;
						TestTargetID = 53AADFA01A1C110900DEF3CA;
					};
				};
			};
			buildConfigurationList = 53AADF9C1A1C110900DEF3CA /* Build configuration list for PBXProject "Postcard" */;
			compatibilityVersion = "Xcode 3.2";
			developmentRegion = English;
			hasScannedForEncodings = 0;
			knownRegions = (
				en,
				Base,
			);
			mainGroup = 53AADF981A1C110900DEF3CA;
			productRefGroup = 53AADFA21A1C110900DEF3CA /* Products */;
			projectDirPath = "";
			projectRoot = "";
			targets = (
				53AADFA01A1C110900DEF3CA /* Postcard */,
				53AADFB51A1C110900DEF3CA /* PostcardTests */,
			);
		};
/* End PBXProject section */

/* Begin PBXResourcesBuildPhase section */
		53AADF9F1A1C110900DEF3CA /* Resources */ = {
			isa = PBXResourcesBuildPhase;
			buildActionMask = 2147483647;
			files = (
				53AADFAC1A1C110900DEF3CA /* Main.storyboard in Resources */,
				53AADFB11A1C110900DEF3CA /* LaunchScreen.xib in Resources */,
				53AADFAE1A1C110900DEF3CA /* Images.xcassets in Resources */,
			);
			runOnlyForDeploymentPostprocessing = 0;
		};
		53AADFB41A1C110900DEF3CA /* Resources */ = {
			isa = PBXResourcesBuildPhase;
			buildActionMask = 2147483647;
			files = (
			);
			runOnlyForDeploymentPostprocessing = 0;
		};
/* End PBXResourcesBuildPhase section */

/* Begin PBXSourcesBuildPhase section */
		53AADF9D1A1C110900DEF3CA /* Sources */ = {
			isa = PBXSourcesBuildPhase;
			buildActionMask = 2147483647;
			files = (
				53AADFA91A1C110900DEF3CA /* ViewController.swift in Sources */,
				53AADFA71A1C110900DEF3CA /* AppDelegate.swift in Sources */,
			);
			runOnlyForDeploymentPostprocessing = 0;
		};
		53AADFB21A1C110900DEF3CA /* Sources */ = {
			isa = PBXSourcesBuildPhase;
			buildActionMask = 2147483647;
			files = (
				53AADFBD1A1C110900DEF3CA /* PostcardTests.swift in Sources */,
			);
			runOnlyForDeploymentPostprocessing = 0;
		};
/* End PBXSourcesBuildPhase section */

/* Begin PBXTargetDependency section */
		53AADFB81A1C110900DEF3CA /* PBXTargetDependency */ = {
			isa = PBXTargetDependency;
			target = 53AADFA01A1C110900DEF3CA /* Postcard */;
			targetProxy = 53AADFB71A1C110900DEF3CA /* PBXContainerItemProxy */;
		};
/* End PBXTargetDependency section */

/* Begin PBXVariantGroup section */
		53AADFAA1A1C110900DEF3CA /* Main.storyboard */ = {
			isa = PBXVariantGroup;
			children = (
				53AADFAB1A1C110900DEF3CA /* Base */,
			);
			name = Main.storyboard;
			sourceTree = "<group>";
		};
		53AADFAF1A1C110900DEF3CA /* LaunchScreen.xib */ = {
			isa = PBXVariantGroup;
			children = (
				53AADFB01A1C110900DEF3CA /* Base */,
			);
			name = LaunchScreen.xib;
			sourceTree = "<group>";
		};
/* End PBXVariantGroup section */

/* Begin XCBuildConfiguration section */
		53AADFBE1A1C110900DEF3CA /* Debug */ = {
			isa = XCBuildConfiguration;
			buildSettings = {
				ALWAYS_SEARCH_USER_PATHS = NO;
				CLANG_CXX_LANGUAGE_STANDARD = "gnu++0x";
				CLANG_CXX_LIBRARY = "libc++";
				CLANG_ENABLE_MODULES = YES;
				CLANG_ENABLE_OBJC_ARC = YES;
				CLANG_WARN_BOOL_CONVERSION = YES;
				CLANG_WARN_CONSTANT_CONVERSION = YES;
				CLANG_WARN_DIRECT_OBJC_ISA_USAGE = YES_ERROR;
				CLANG_WARN_EMPTY_BODY = YES;
				CLANG_WARN_ENUM_CONVERSION = YES;
				CLANG_WARN_INT_CONVERSION = YES;
				CLANG_WARN_OBJC_ROOT_CLASS = YES_ERROR;
				CLANG_WARN_UNREACHABLE_CODE = YES;
				CLANG_WARN__DUPLICATE_METHOD_MATCH = YES;
				"CODE_SIGN_IDENTITY[sdk=iphoneos*]" = "iPhone Developer";
				COPY_PHASE_STRIP = NO;
				ENABLE_STRICT_OBJC_MSGSEND = YES;
				GCC_C_LANGUAGE_STANDARD = gnu99;
				GCC_DYNAMIC_NO_PIC = NO;
				GCC_OPTIMIZATION_LEVEL = 0;
				GCC_PREPROCESSOR_DEFINITIONS = (
					"DEBUG=1",
					"$(inherited)",
				);
				GCC_SYMBOLS_PRIVATE_EXTERN = NO;
				GCC_WARN_64_TO_32_BIT_CONVERSION = YES;
				GCC_WARN_ABOUT_RETURN_TYPE = YES_ERROR;
				GCC_WARN_UNDECLARED_SELECTOR = YES;
				GCC_WARN_UNINITIALIZED_AUTOS = YES_AGGRESSIVE;
				GCC_WARN_UNUSED_FUNCTION = YES;
				GCC_WARN_UNUSED_VARIABLE = YES;
				IPHONEOS_DEPLOYMENT_TARGET = 8.1;
				MTL_ENABLE_DEBUG_INFO = YES;
				ONLY_ACTIVE_ARCH = YES;
				SDKROOT = iphoneos;
				SWIFT_OPTIMIZATION_LEVEL = "-Onone";
				TARGETED_DEVICE_FAMILY = "1,2";
			};
			name = Debug;
		};
		53AADFBF1A1C110900DEF3CA /* Release */ = {
			isa = XCBuildConfiguration;
			buildSettings = {
				ALWAYS_SEARCH_USER_PATHS = NO;
				CLANG_CXX_LANGUAGE_STANDARD = "gnu++0x";
				CLANG_CXX_LIBRARY = "libc++";
				CLANG_ENABLE_MODULES = YES;
				CLANG_ENABLE_OBJC_ARC = YES;
				CLANG_WARN_BOOL_CONVERSION = YES;
				CLANG_WARN_CONSTANT_CONVERSION = YES;
				CLANG_WARN_DIRECT_OBJC_ISA_USAGE = YES_ERROR;
				CLANG_WARN_EMPTY_BODY = YES;
				CLANG_WARN_ENUM_CONVERSION = YES;
				CLANG_WARN_INT_CONVERSION = YES;
				CLANG_WARN_OBJC_ROOT_CLASS = YES_ERROR;
				CLANG_WARN_UNREACHABLE_CODE = YES;
				CLANG_WARN__DUPLICATE_METHOD_MATCH = YES;
				"CODE_SIGN_IDENTITY[sdk=iphoneos*]" = "iPhone Developer";
				COPY_PHASE_STRIP = YES;
				ENABLE_NS_ASSERTIONS = NO;
				ENABLE_STRICT_OBJC_MSGSEND = YES;
				GCC_C_LANGUAGE_STANDARD = gnu99;
				GCC_WARN_64_TO_32_BIT_CONVERSION = YES;
				GCC_WARN_ABOUT_RETURN_TYPE = YES_ERROR;
				GCC_WARN_UNDECLARED_SELECTOR = YES;
				GCC_WARN_UNINITIALIZED_AUTOS = YES_AGGRESSIVE;
				GCC_WARN_UNUSED_FUNCTION = YES;
				GCC_WARN_UNUSED_VARIABLE = YES;
				IPHONEOS_DEPLOYMENT_TARGET = 8.1;
				MTL_ENABLE_DEBUG_INFO = NO;
				SDKROOT = iphoneos;
				TARGETED_DEVICE_FAMILY = "1,2";
				VALIDATE_PRODUCT = YES;
			};
			name = Release;
		};
		53AADFC11A1C110900DEF3CA /* Debug */ = {
			isa = XCBuildConfiguration;
			buildSettings = {
				ASSETCATALOG_COMPILER_APPICON_NAME = AppIcon;
				INFOPLIST_FILE = Postcard/Info.plist;
				LD_RUNPATH_SEARCH_PATHS = "$(inherited) @executable_path/Frameworks";
				PRODUCT_NAME = "$(TARGET_NAME)";
			};
			name = Debug;
		};
		53AADFC21A1C110900DEF3CA /* Release */ = {
			isa = XCBuildConfiguration;
			buildSettings = {
				ASSETCATALOG_COMPILER_APPICON_NAME = AppIcon;
				INFOPLIST_FILE = Postcard/Info.plist;
				LD_RUNPATH_SEARCH_PATHS = "$(inherited) @executable_path/Frameworks";
				PRODUCT_NAME = "$(TARGET_NAME)";
			};
			name = Release;
		};
		53AADFC41A1C110900DEF3CA /* Debug */ = {
			isa = XCBuildConfiguration;
			buildSettings = {
				BUNDLE_LOADER = "$(TEST_HOST)";
				FRAMEWORK_SEARCH_PATHS = (
					"$(SDKROOT)/Developer/Library/Frameworks",
					"$(inherited)",
				);
				GCC_PREPROCESSOR_DEFINITIONS = (
					"DEBUG=1",
					"$(inherited)",
				);
				INFOPLIST_FILE = PostcardTests/Info.plist;
				LD_RUNPATH_SEARCH_PATHS = "$(inherited) @executable_path/Frameworks @loader_path/Frameworks";
				PRODUCT_NAME = "$(TARGET_NAME)";
				TEST_HOST = "$(BUILT_PRODUCTS_DIR)/Postcard.app/Postcard";
			};
			name = Debug;
		};
		53AADFC51A1C110900DEF3CA /* Release */ = {
			isa = XCBuildConfiguration;
			buildSettings = {
				BUNDLE_LOADER = "$(TEST_HOST)";
				FRAMEWORK_SEARCH_PATHS = (
					"$(SDKROOT)/Developer/Library/Frameworks",
					"$(inherited)",
				);
				INFOPLIST_FILE = PostcardTests/Info.plist;
				LD_RUNPATH_SEARCH_PATHS = "$(inherited) @executable_path/Frameworks @loader_path/Frameworks";
				PRODUCT_NAME = "$(TARGET_NAME)";
				TEST_HOST = "$(BUILT_PRODUCTS_DIR)/Postcard.app/Postcard";
			};
			name = Release;
		};
/* End XCBuildConfiguration section */

/* Begin XCConfigurationList section */
		53AADF9C1A1C110900DEF3CA /* Build configuration list for PBXProject "Postcard" */ = {
			isa = XCConfigurationList;
			buildConfigurations = (
				53AADFBE1A1C110900DEF3CA /* Debug */,
				53AADFBF1A1C110900DEF3CA /* Release */,
			);
			defaultConfigurationIsVisible = 0;
			defaultConfigurationName = Release;
		};
		53AADFC01A1C110900DEF3CA /* Build configuration list for PBXNativeTarget "Postcard" */ = {
			isa = XCConfigurationList;
			buildConfigurations = (
				53AADFC11A1C110900DEF3CA /* Debug */,
				53AADFC21A1C110900DEF3CA /* Release */,
			);
			defaultConfigurationIsVisible = 0;
		};
		53AADFC31A1C110900DEF3CA /* Build configuration list for PBXNativeTarget "PostcardTests" */ = {
			isa = XCConfigurationList;
			buildConfigurations = (
				53AADFC41A1C110900DEF3CA /* Debug */,
				53AADFC51A1C110900DEF3CA /* Release */,
			);
			defaultConfigurationIsVisible = 0;
		};
/* End XCConfigurationList section */
	};
	rootObject = 53AADF991A1C110900DEF3CA /* Project object */;
}
